# THIS IS AN AUTOGENERATED FILE. DO NOT EDIT THIS FILE DIRECTLY.
# yarn lockfile v1


react-chatbot-kit@^2.2.2:
  version "2.2.2"
  resolved "https://registry.yarnpkg.com/react-chatbot-kit/-/react-chatbot-kit-2.2.2.tgz#a3a1a9f87159dc20e49a21242bb028369432b874"
  integrity sha512-8p/i0KkzkhoyG2XsL6Pb6f72k9j7GYNAc5SOa4f9OZwbCD3Q34uEruNPc06qa1wZHKfT6aFna19PA2plFuO2NA==
  dependencies:
    react-conditionally-render "^1.0.2"

react-conditionally-render@^1.0.2:
  version "1.0.2"
  resolved "https://registry.yarnpkg.com/react-conditionally-render/-/react-conditionally-render-1.0.2.tgz#9ff3c3fb6b76c1cfaae64429285fa99c6d275fb5"
  integrity sha512-CtjIgaLHVDSgHis3gv/PT/8EnD6GPUL8PrhUjh7DP6S5Y3p56dGu7y2nVg6pYv1kv+fGznRhRmX3assr/vRw3A==

react-icons@^5.5.0:
  version "5.5.0"
  resolved "https://registry.yarnpkg.com/react-icons/-/react-icons-5.5.0.tgz#8aa25d3543ff84231685d3331164c00299cdfaf2"
  integrity sha512-MEFcXdkP3dLo8uumGI5xN3lDFNsRtrjbOEKDLD7yv76v4wpnEq2Lt2qeHaQOr34I/wPN3s3+N08WkQ+CW37Xiw==
